
Microsoft Visual Studio Solution File, Format Version 12.00
# Visual Studio Version 17
VisualStudioVersion = 17.7.34024.191
MinimumVisualStudioVersion = 10.0.40219.1
Project("{FAE04EC0-301F-11D3-BF4B-00C04F79EFBC}") = "1b", "1b\1b.csproj", "{22BB6F61-F818-49B5-B285-8C2E70474004}"
EndProject
Global
	GlobalSection(SolutionConfigurationPlatforms) = preSolution
		Debug|Any CPU = Debug|Any CPU
		Release|Any CPU = Release|Any CPU
	EndGlobalSection
	GlobalSection(ProjectConfigurationPlatforms) = postSolution
		{22BB6F61-F818-49B5-B285-8C2E70474004}.Debug|Any CPU.ActiveCfg = Debug|Any CPU
		{22BB6F61-F818-49B5-B285-8C2E70474004}.Debug|Any CPU.Build.0 = Debug|Any CPU
		{22BB6F61-F818-49B5-B285-8C2E70474004}.Release|Any CPU.ActiveCfg = Release|Any CPU
		{22BB6F61-F818-49B5-B285-8C2E70474004}.Release|Any CPU.Build.0 = Release|Any CPU
	EndGlobalSection
	GlobalSection(SolutionProperties) = preSolution
		HideSolutionNode = FALSE
	EndGlobalSection
	GlobalSection(ExtensibilityGlobals) = postSolution
		SolutionGuid = {DCC9C70A-1D66-4E49-8423-90EB80EFBDB4}
	EndGlobalSection
EndGlobal
