
Microsoft Visual Studio Solution File, Format Version 12.00
# Visual Studio Version 17
VisualStudioVersion = 17.7.34024.191
MinimumVisualStudioVersion = 10.0.40219.1
Project("{FAE04EC0-301F-11D3-BF4B-00C04F79EFBC}") = "第三次作业", "第三次作业\第三次作业.csproj", "{3C3ED9B2-DECC-4F31-8EE6-2A9ABB7E7899}"
EndProject
Global
	GlobalSection(SolutionConfigurationPlatforms) = preSolution
		Debug|Any CPU = Debug|Any CPU
		Release|Any CPU = Release|Any CPU
	EndGlobalSection
	GlobalSection(ProjectConfigurationPlatforms) = postSolution
		{3C3ED9B2-DECC-4F31-8EE6-2A9ABB7E7899}.Debug|Any CPU.ActiveCfg = Debug|Any CPU
		{3C3ED9B2-DECC-4F31-8EE6-2A9ABB7E7899}.Debug|Any CPU.Build.0 = Debug|Any CPU
		{3C3ED9B2-DECC-4F31-8EE6-2A9ABB7E7899}.Release|Any CPU.ActiveCfg = Release|Any CPU
		{3C3ED9B2-DECC-4F31-8EE6-2A9ABB7E7899}.Release|Any CPU.Build.0 = Release|Any CPU
	EndGlobalSection
	GlobalSection(SolutionProperties) = preSolution
		HideSolutionNode = FALSE
	EndGlobalSection
	GlobalSection(ExtensibilityGlobals) = postSolution
		SolutionGuid = {465B70DE-375A-422E-B59D-B229F7C13B51}
	EndGlobalSection
EndGlobal
